
Microsoft Visual Studio Solution File, Format Version 12.00
# Visual Studio 2012
Project("{FAE04EC0-301F-11D3-BF4B-00C04F79EFBC}") = "Owin.Host.Mono.HttpListener", "src\Owin.Host.Mono.HttpListener.csproj", "{B02EA6FC-EDFD-4728-A818-3F2EF2EA5915}"
EndProject
Project("{FAE04EC0-301F-11D3-BF4B-00C04F79EFBC}") = "Owin.Host.MonoHttpListener.Tests", "tests\Owin.Host.MonoHttpListener.Tests.csproj", "{C1DA238F-F89F-41D1-9639-CF393D81CA56}"
EndProject
Project("{FAE04EC0-301F-11D3-BF4B-00C04F79EFBC}") = "Owin.Host.Mono.HttpListener45", "src\Owin.Host.Mono.HttpListener45.csproj", "{58E3308A-44DC-4843-9AC0-11A33269F02F}"
EndProject
Global
	GlobalSection(SolutionConfigurationPlatforms) = preSolution
		Debug|Any CPU = Debug|Any CPU
		Release|Any CPU = Release|Any CPU
	EndGlobalSection
	GlobalSection(ProjectConfigurationPlatforms) = postSolution
		{B02EA6FC-EDFD-4728-A818-3F2EF2EA5915}.Debug|Any CPU.ActiveCfg = Debug|Any CPU
		{B02EA6FC-EDFD-4728-A818-3F2EF2EA5915}.Debug|Any CPU.Build.0 = Debug|Any CPU
		{B02EA6FC-EDFD-4728-A818-3F2EF2EA5915}.Release|Any CPU.ActiveCfg = Release|Any CPU
		{B02EA6FC-EDFD-4728-A818-3F2EF2EA5915}.Release|Any CPU.Build.0 = Release|Any CPU
		{C1DA238F-F89F-41D1-9639-CF393D81CA56}.Debug|Any CPU.ActiveCfg = Debug|Any CPU
		{C1DA238F-F89F-41D1-9639-CF393D81CA56}.Debug|Any CPU.Build.0 = Debug|Any CPU
		{C1DA238F-F89F-41D1-9639-CF393D81CA56}.Release|Any CPU.ActiveCfg = Release|Any CPU
		{C1DA238F-F89F-41D1-9639-CF393D81CA56}.Release|Any CPU.Build.0 = Release|Any CPU
		{58E3308A-44DC-4843-9AC0-11A33269F02F}.Debug|Any CPU.ActiveCfg = Debug|Any CPU
		{58E3308A-44DC-4843-9AC0-11A33269F02F}.Debug|Any CPU.Build.0 = Debug|Any CPU
		{58E3308A-44DC-4843-9AC0-11A33269F02F}.Release|Any CPU.ActiveCfg = Release|Any CPU
		{58E3308A-44DC-4843-9AC0-11A33269F02F}.Release|Any CPU.Build.0 = Release|Any CPU
	EndGlobalSection
	GlobalSection(SolutionProperties) = preSolution
		HideSolutionNode = FALSE
	EndGlobalSection
EndGlobal
